// !$*UTF8*$!
{
	archiveVersion = 1;
	classes = {
	};
	objectVersion = 55;
	objects = {

/* Begin PBXBuildFile section */
		4BC2BF87284A26BD00126991 /* AppDelegate.swift in Sources */ = {isa = PBXBuildFile; fileRef = 4BC2BF86284A26BD00126991 /* AppDelegate.swift */; };
		4BC2BF89284A26BD00126991 /* SceneDelegate.swift in Sources */ = {isa = PBXBuildFile; fileRef = 4BC2BF88284A26BD00126991 /* SceneDelegate.swift */; };
		4BC2BF8B284A26BD00126991 /* StartViewController.swift in Sources */ = {isa = PBXBuildFile; fileRef = 4BC2BF8A284A26BD00126991 /* StartViewController.swift */; };
		4BC2BF90284A26BE00126991 /* Assets.xcassets in Resources */ = {isa = PBXBuildFile; fileRef = 4BC2BF8F284A26BE00126991 /* Assets.xcassets */; };
		4BC2BF93284A26BE00126991 /* LaunchScreen.storyboard in Resources */ = {isa = PBXBuildFile; fileRef = 4BC2BF91284A26BE00126991 /* LaunchScreen.storyboard */; };
		4BC2BF9C284A271900126991 /* TravelCell.swift in Sources */ = {isa = PBXBuildFile; fileRef = 4BC2BF9B284A271900126991 /* TravelCell.swift */; };
		4BC2BFA1284A505300126991 /* HeaderView.swift in Sources */ = {isa = PBXBuildFile; fileRef = 4BC2BFA0284A505300126991 /* HeaderView.swift */; };
		4BC2BFA3284A575300126991 /* Pacifico-Regular.ttf in Resources */ = {isa = PBXBuildFile; fileRef = 4BC2BFA2284A575300126991 /* Pacifico-Regular.ttf */; };
		4BC2BFA5284ABAF700126991 /* DetailViewController.swift in Sources */ = {isa = PBXBuildFile; fileRef = 4BC2BFA4284ABAF700126991 /* DetailViewController.swift */; };
		4BC2BFA7284B77B400126991 /* Trip.swift in Sources */ = {isa = PBXBuildFile; fileRef = 4BC2BFA6284B77B400126991 /* Trip.swift */; };
		4BC2BFB0284E5F3F00126991 /* Extensions.swift in Sources */ = {isa = PBXBuildFile; fileRef = 4BC2BFAF284E5F3F00126991 /* Extensions.swift */; };
/* End PBXBuildFile section */

/* Begin PBXFileReference section */
		4BC2BF83284A26BD00126991 /* TimeToTravel.app */ = {isa = PBXFileReference; explicitFileType = wrapper.application; includeInIndex = 0; path = TimeToTravel.app; sourceTree = BUILT_PRODUCTS_DIR; };
		4BC2BF86284A26BD00126991 /* AppDelegate.swift */ = {isa = PBXFileReference; lastKnownFileType = sourcecode.swift; path = AppDelegate.swift; sourceTree = "<group>"; };
		4BC2BF88284A26BD00126991 /* SceneDelegate.swift */ = {isa = PBXFileReference; lastKnownFileType = sourcecode.swift; path = SceneDelegate.swift; sourceTree = "<group>"; };
		4BC2BF8A284A26BD00126991 /* StartViewController.swift */ = {isa = PBXFileReference; lastKnownFileType = sourcecode.swift; path = StartViewController.swift; sourceTree = "<group>"; };
		4BC2BF8F284A26BE00126991 /* Assets.xcassets */ = {isa = PBXFileReference; lastKnownFileType = folder.assetcatalog; path = Assets.xcassets; sourceTree = "<group>"; };
		4BC2BF92284A26BE00126991 /* Base */ = {isa = PBXFileReference; lastKnownFileType = file.storyboard; name = Base; path = Base.lproj/LaunchScreen.storyboard; sourceTree = "<group>"; };
		4BC2BF94284A26BE00126991 /* Info.plist */ = {isa = PBXFileReference; lastKnownFileType = text.plist.xml; path = Info.plist; sourceTree = "<group>"; };
		4BC2BF9B284A271900126991 /* TravelCell.swift */ = {isa = PBXFileReference; lastKnownFileType = sourcecode.swift; path = TravelCell.swift; sourceTree = "<group>"; wrapsLines = 0; };
		4BC2BFA0284A505300126991 /* HeaderView.swift */ = {isa = PBXFileReference; lastKnownFileType = sourcecode.swift; path = HeaderView.swift; sourceTree = "<group>"; };
		4BC2BFA2284A575300126991 /* Pacifico-Regular.ttf */ = {isa = PBXFileReference; lastKnownFileType = file; path = "Pacifico-Regular.ttf"; sourceTree = "<group>"; };
		4BC2BFA4284ABAF700126991 /* DetailViewController.swift */ = {isa = PBXFileReference; lastKnownFileType = sourcecode.swift; path = DetailViewController.swift; sourceTree = "<group>"; };
		4BC2BFA6284B77B400126991 /* Trip.swift */ = {isa = PBXFileReference; lastKnownFileType = sourcecode.swift; path = Trip.swift; sourceTree = "<group>"; };
		4BC2BFAF284E5F3F00126991 /* Extensions.swift */ = {isa = PBXFileReference; lastKnownFileType = sourcecode.swift; path = Extensions.swift; sourceTree = "<group>"; };
/* End PBXFileReference section */

/* Begin PBXFrameworksBuildPhase section */
		4BC2BF80284A26BD00126991 /* Frameworks */ = {
			isa = PBXFrameworksBuildPhase;
			buildActionMask = 2147483647;
			files = (
			);
			runOnlyForDeploymentPostprocessing = 0;
		};
/* End PBXFrameworksBuildPhase section */

/* Begin PBXGroup section */
		4BC2BF7A284A26BD00126991 = {
			isa = PBXGroup;
			children = (
				4BC2BF85284A26BD00126991 /* TimeToTravel */,
				4BC2BF84284A26BD00126991 /* Products */,
			);
			sourceTree = "<group>";
		};
		4BC2BF84284A26BD00126991 /* Products */ = {
			isa = PBXGroup;
			children = (
				4BC2BF83284A26BD00126991 /* TimeToTravel.app */,
			);
			name = Products;
			sourceTree = "<group>";
		};
		4BC2BF85284A26BD00126991 /* TimeToTravel */ = {
			isa = PBXGroup;
			children = (
				4BC2BFB1284E604F00126991 /* ViewControllers */,
				4BC2BFAE284E5F2800126991 /* Extensions */,
				4BC2BFA8284B77BE00126991 /* Models */,
				4BC2BF9F284A503000126991 /* Views */,
				4BC2BF9D284A286D00126991 /* Fonts */,
				4BC2BF9A284A26DF00126991 /* Cells */,
				4BC2BF86284A26BD00126991 /* AppDelegate.swift */,
				4BC2BF88284A26BD00126991 /* SceneDelegate.swift */,
				4BC2BF8F284A26BE00126991 /* Assets.xcassets */,
				4BC2BF91284A26BE00126991 /* LaunchScreen.storyboard */,
				4BC2BF94284A26BE00126991 /* Info.plist */,
			);
			path = TimeToTravel;
			sourceTree = "<group>";
		};
		4BC2BF9A284A26DF00126991 /* Cells */ = {
			isa = PBXGroup;
			children = (
				4BC2BF9B284A271900126991 /* TravelCell.swift */,
			);
			path = Cells;
			sourceTree = "<group>";
		};
		4BC2BF9D284A286D00126991 /* Fonts */ = {
			isa = PBXGroup;
			children = (
				4BC2BFA2284A575300126991 /* Pacifico-Regular.ttf */,
			);
			path = Fonts;
			sourceTree = "<group>";
		};
		4BC2BF9F284A503000126991 /* Views */ = {
			isa = PBXGroup;
			children = (
				4BC2BFA0284A505300126991 /* HeaderView.swift */,
			);
			path = Views;
			sourceTree = "<group>";
		};
		4BC2BFA8284B77BE00126991 /* Models */ = {
			isa = PBXGroup;
			children = (
				4BC2BFA6284B77B400126991 /* Trip.swift */,
			);
			path = Models;
			sourceTree = "<group>";
		};
		4BC2BFAE284E5F2800126991 /* Extensions */ = {
			isa = PBXGroup;
			children = (
				4BC2BFAF284E5F3F00126991 /* Extensions.swift */,
			);
			path = Extensions;
			sourceTree = "<group>";
		};
		4BC2BFB1284E604F00126991 /* ViewControllers */ = {
			isa = PBXGroup;
			children = (
				4BC2BF8A284A26BD00126991 /* StartViewController.swift */,
				4BC2BFA4284ABAF700126991 /* DetailViewController.swift */,
			);
			path = ViewControllers;
			sourceTree = "<group>";
		};
/* End PBXGroup section */

/* Begin PBXNativeTarget section */
		4BC2BF82284A26BD00126991 /* TimeToTravel */ = {
			isa = PBXNativeTarget;
			buildConfigurationList = 4BC2BF97284A26BE00126991 /* Build configuration list for PBXNativeTarget "TimeToTravel" */;
			buildPhases = (
				4BC2BF7F284A26BD00126991 /* Sources */,
				4BC2BF80284A26BD00126991 /* Frameworks */,
				4BC2BF81284A26BD00126991 /* Resources */,
			);
			buildRules = (
			);
			dependencies = (
			);
			name = TimeToTravel;
			productName = TimeToTravel;
			productReference = 4BC2BF83284A26BD00126991 /* TimeToTravel.app */;
			productType = "com.apple.product-type.application";
		};
/* End PBXNativeTarget section */

/* Begin PBXProject section */
		4BC2BF7B284A26BD00126991 /* Project object */ = {
			isa = PBXProject;
			attributes = {
				BuildIndependentTargetsInParallel = 1;
				LastSwiftUpdateCheck = 1330;
				LastUpgradeCheck = 1330;
				TargetAttributes = {
					4BC2BF82284A26BD00126991 = {
						CreatedOnToolsVersion = 13.3;
					};
				};
			};
			buildConfigurationList = 4BC2BF7E284A26BD00126991 /* Build configuration list for PBXProject "TimeToTravel" */;
			compatibilityVersion = "Xcode 13.0";
			developmentRegion = en;
			hasScannedForEncodings = 0;
			knownRegions = (
				en,
				Base,
			);
			mainGroup = 4BC2BF7A284A26BD00126991;
			productRefGroup = 4BC2BF84284A26BD00126991 /* Products */;
			projectDirPath = "";
			projectRoot = "";
			targets = (
				4BC2BF82284A26BD00126991 /* TimeToTravel */,
			);
		};
/* End PBXProject section */

/* Begin PBXResourcesBuildPhase section */
		4BC2BF81284A26BD00126991 /* Resources */ = {
			isa = PBXResourcesBuildPhase;
			buildActionMask = 2147483647;
			files = (
				4BC2BFA3284A575300126991 /* Pacifico-Regular.ttf in Resources */,
				4BC2BF93284A26BE00126991 /* LaunchScreen.storyboard in Resources */,
				4BC2BF90284A26BE00126991 /* Assets.xcassets in Resources */,
			);
			runOnlyForDeploymentPostprocessing = 0;
		};
/* End PBXResourcesBuildPhase section */

/* Begin PBXSourcesBuildPhase section */
		4BC2BF7F284A26BD00126991 /* Sources */ = {
			isa = PBXSourcesBuildPhase;
			buildActionMask = 2147483647;
			files = (
				4BC2BFA1284A505300126991 /* HeaderView.swift in Sources */,
				4BC2BF8B284A26BD00126991 /* StartViewController.swift in Sources */,
				4BC2BF9C284A271900126991 /* TravelCell.swift in Sources */,
				4BC2BFB0284E5F3F00126991 /* Extensions.swift in Sources */,
				4BC2BFA5284ABAF700126991 /* DetailViewController.swift in Sources */,
				4BC2BF87284A26BD00126991 /* AppDelegate.swift in Sources */,
				4BC2BFA7284B77B400126991 /* Trip.swift in Sources */,
				4BC2BF89284A26BD00126991 /* SceneDelegate.swift in Sources */,
			);
			runOnlyForDeploymentPostprocessing = 0;
		};
/* End PBXSourcesBuildPhase section */

/* Begin PBXVariantGroup section */
		4BC2BF91284A26BE00126991 /* LaunchScreen.storyboard */ = {
			isa = PBXVariantGroup;
			children = (
				4BC2BF92284A26BE00126991 /* Base */,
			);
			name = LaunchScreen.storyboard;
			sourceTree = "<group>";
		};
/* End PBXVariantGroup section */

/* Begin XCBuildConfiguration section */
		4BC2BF95284A26BE00126991 /* Debug */ = {
			isa = XCBuildConfiguration;
			buildSettings = {
				ALWAYS_SEARCH_USER_PATHS = NO;
				CLANG_ANALYZER_NONNULL = YES;
				CLANG_ANALYZER_NUMBER_OBJECT_CONVERSION = YES_AGGRESSIVE;
				CLANG_CXX_LANGUAGE_STANDARD = "gnu++17";
				CLANG_ENABLE_MODULES = YES;
				CLANG_ENABLE_OBJC_ARC = YES;
				CLANG_ENABLE_OBJC_WEAK = YES;
				CLANG_WARN_BLOCK_CAPTURE_AUTORELEASING = YES;
				CLANG_WARN_BOOL_CONVERSION = YES;
				CLANG_WARN_COMMA = YES;
				CLANG_WARN_CONSTANT_CONVERSION = YES;
				CLANG_WARN_DEPRECATED_OBJC_IMPLEMENTATIONS = YES;
				CLANG_WARN_DIRECT_OBJC_ISA_USAGE = YES_ERROR;
				CLANG_WARN_DOCUMENTATION_COMMENTS = YES;
				CLANG_WARN_EMPTY_BODY = YES;
				CLANG_WARN_ENUM_CONVERSION = YES;
				CLANG_WARN_INFINITE_RECURSION = YES;
				CLANG_WARN_INT_CONVERSION = YES;
				CLANG_WARN_NON_LITERAL_NULL_CONVERSION = YES;
				CLANG_WARN_OBJC_IMPLICIT_RETAIN_SELF = YES;
				CLANG_WARN_OBJC_LITERAL_CONVERSION = YES;
				CLANG_WARN_OBJC_ROOT_CLASS = YES_ERROR;
				CLANG_WARN_QUOTED_INCLUDE_IN_FRAMEWORK_HEADER = YES;
				CLANG_WARN_RANGE_LOOP_ANALYSIS = YES;
				CLANG_WARN_STRICT_PROTOTYPES = YES;
				CLANG_WARN_SUSPICIOUS_MOVE = YES;
				CLANG_WARN_UNGUARDED_AVAILABILITY = YES_AGGRESSIVE;
				CLANG_WARN_UNREACHABLE_CODE = YES;
				CLANG_WARN__DUPLICATE_METHOD_MATCH = YES;
				COPY_PHASE_STRIP = NO;
				DEBUG_INFORMATION_FORMAT = dwarf;
				ENABLE_STRICT_OBJC_MSGSEND = YES;
				ENABLE_TESTABILITY = YES;
				GCC_C_LANGUAGE_STANDARD = gnu11;
				GCC_DYNAMIC_NO_PIC = NO;
				GCC_NO_COMMON_BLOCKS = YES;
				GCC_OPTIMIZATION_LEVEL = 0;
				GCC_PREPROCESSOR_DEFINITIONS = (
					"DEBUG=1",
					"$(inherited)",
				);
				GCC_WARN_64_TO_32_BIT_CONVERSION = YES;
				GCC_WARN_ABOUT_RETURN_TYPE = YES_ERROR;
				GCC_WARN_UNDECLARED_SELECTOR = YES;
				GCC_WARN_UNINITIALIZED_AUTOS = YES_AGGRESSIVE;
				GCC_WARN_UNUSED_FUNCTION = YES;
				GCC_WARN_UNUSED_VARIABLE = YES;
				IPHONEOS_DEPLOYMENT_TARGET = 15.4;
				MTL_ENABLE_DEBUG_INFO = INCLUDE_SOURCE;
				MTL_FAST_MATH = YES;
				ONLY_ACTIVE_ARCH = YES;
				SDKROOT = iphoneos;
				SWIFT_ACTIVE_COMPILATION_CONDITIONS = DEBUG;
				SWIFT_OPTIMIZATION_LEVEL = "-Onone";
			};
			name = Debug;
		};
		4BC2BF96284A26BE00126991 /* Release */ = {
			isa = XCBuildConfiguration;
			buildSettings = {
				ALWAYS_SEARCH_USER_PATHS = NO;
				CLANG_ANALYZER_NONNULL = YES;
				CLANG_ANALYZER_NUMBER_OBJECT_CONVERSION = YES_AGGRESSIVE;
				CLANG_CXX_LANGUAGE_STANDARD = "gnu++17";
				CLANG_ENABLE_MODULES = YES;
				CLANG_ENABLE_OBJC_ARC = YES;
				CLANG_ENABLE_OBJC_WEAK = YES;
				CLANG_WARN_BLOCK_CAPTURE_AUTORELEASING = YES;
				CLANG_WARN_BOOL_CONVERSION = YES;
				CLANG_WARN_COMMA = YES;
				CLANG_WARN_CONSTANT_CONVERSION = YES;
				CLANG_WARN_DEPRECATED_OBJC_IMPLEMENTATIONS = YES;
				CLANG_WARN_DIRECT_OBJC_ISA_USAGE = YES_ERROR;
				CLANG_WARN_DOCUMENTATION_COMMENTS = YES;
				CLANG_WARN_EMPTY_BODY = YES;
				CLANG_WARN_ENUM_CONVERSION = YES;
				CLANG_WARN_INFINITE_RECURSION = YES;
				CLANG_WARN_INT_CONVERSION = YES;
				CLANG_WARN_NON_LITERAL_NULL_CONVERSION = YES;
				CLANG_WARN_OBJC_IMPLICIT_RETAIN_SELF = YES;
				CLANG_WARN_OBJC_LITERAL_CONVERSION = YES;
				CLANG_WARN_OBJC_ROOT_CLASS = YES_ERROR;
				CLANG_WARN_QUOTED_INCLUDE_IN_FRAMEWORK_HEADER = YES;
				CLANG_WARN_RANGE_LOOP_ANALYSIS = YES;
				CLANG_WARN_STRICT_PROTOTYPES = YES;
				CLANG_WARN_SUSPICIOUS_MOVE = YES;
				CLANG_WARN_UNGUARDED_AVAILABILITY = YES_AGGRESSIVE;
				CLANG_WARN_UNREACHABLE_CODE = YES;
				CLANG_WARN__DUPLICATE_METHOD_MATCH = YES;
				COPY_PHASE_STRIP = NO;
				DEBUG_INFORMATION_FORMAT = "dwarf-with-dsym";
				ENABLE_NS_ASSERTIONS = NO;
				ENABLE_STRICT_OBJC_MSGSEND = YES;
				GCC_C_LANGUAGE_STANDARD = gnu11;
				GCC_NO_COMMON_BLOCKS = YES;
				GCC_WARN_64_TO_32_BIT_CONVERSION = YES;
				GCC_WARN_ABOUT_RETURN_TYPE = YES_ERROR;
				GCC_WARN_UNDECLARED_SELECTOR = YES;
				GCC_WARN_UNINITIALIZED_AUTOS = YES_AGGRESSIVE;
				GCC_WARN_UNUSED_FUNCTION = YES;
				GCC_WARN_UNUSED_VARIABLE = YES;
				IPHONEOS_DEPLOYMENT_TARGET = 15.4;
				MTL_ENABLE_DEBUG_INFO = NO;
				MTL_FAST_MATH = YES;
				SDKROOT = iphoneos;
				SWIFT_COMPILATION_MODE = wholemodule;
				SWIFT_OPTIMIZATION_LEVEL = "-O";
				VALIDATE_PRODUCT = YES;
			};
			name = Release;
		};
		4BC2BF98284A26BE00126991 /* Debug */ = {
			isa = XCBuildConfiguration;
			buildSettings = {
				ASSETCATALOG_COMPILER_APPICON_NAME = AppIcon;
				ASSETCATALOG_COMPILER_GLOBAL_ACCENT_COLOR_NAME = AccentColor;
				CODE_SIGN_STYLE = Automatic;
				CURRENT_PROJECT_VERSION = 1;
				DEVELOPMENT_TEAM = CC747BLMXS;
				GENERATE_INFOPLIST_FILE = YES;
				INFOPLIST_FILE = TimeToTravel/Info.plist;
				INFOPLIST_KEY_UIApplicationSupportsIndirectInputEvents = YES;
				INFOPLIST_KEY_UILaunchStoryboardName = LaunchScreen;
				INFOPLIST_KEY_UISupportedInterfaceOrientations = UIInterfaceOrientationPortrait;
				INFOPLIST_KEY_UISupportedInterfaceOrientations_iPad = "UIInterfaceOrientationPortrait UIInterfaceOrientationPortraitUpsideDown UIInterfaceOrientationLandscapeLeft UIInterfaceOrientationLandscapeRight";
				INFOPLIST_KEY_UISupportedInterfaceOrientations_iPhone = "UIInterfaceOrientationPortrait UIInterfaceOrientationLandscapeLeft UIInterfaceOrientationLandscapeRight";
				LD_RUNPATH_SEARCH_PATHS = (
					"$(inherited)",
					"@executable_path/Frameworks",
				);
				MARKETING_VERSION = 1.0;
				PRODUCT_BUNDLE_IDENTIFIER = "-.TimeToTravel";
				PRODUCT_NAME = "$(TARGET_NAME)";
				SWIFT_EMIT_LOC_STRINGS = YES;
				SWIFT_VERSION = 5.0;
				TARGETED_DEVICE_FAMILY = "1,2";
			};
			name = Debug;
		};
		4BC2BF99284A26BE00126991 /* Release */ = {
			isa = XCBuildConfiguration;
			buildSettings = {
				ASSETCATALOG_COMPILER_APPICON_NAME = AppIcon;
				ASSETCATALOG_COMPILER_GLOBAL_ACCENT_COLOR_NAME = AccentColor;
				CODE_SIGN_STYLE = Automatic;
				CURRENT_PROJECT_VERSION = 1;
				DEVELOPMENT_TEAM = CC747BLMXS;
				GENERATE_INFOPLIST_FILE = YES;
				INFOPLIST_FILE = TimeToTravel/Info.plist;
				INFOPLIST_KEY_UIApplicationSupportsIndirectInputEvents = YES;
				INFOPLIST_KEY_UILaunchStoryboardName = LaunchScreen;
				INFOPLIST_KEY_UISupportedInterfaceOrientations = UIInterfaceOrientationPortrait;
				INFOPLIST_KEY_UISupportedInterfaceOrientations_iPad = "UIInterfaceOrientationPortrait UIInterfaceOrientationPortraitUpsideDown UIInterfaceOrientationLandscapeLeft UIInterfaceOrientationLandscapeRight";
				INFOPLIST_KEY_UISupportedInterfaceOrientations_iPhone = "UIInterfaceOrientationPortrait UIInterfaceOrientationLandscapeLeft UIInterfaceOrientationLandscapeRight";
				LD_RUNPATH_SEARCH_PATHS = (
					"$(inherited)",
					"@executable_path/Frameworks",
				);
				MARKETING_VERSION = 1.0;
				PRODUCT_BUNDLE_IDENTIFIER = "-.TimeToTravel";
				PRODUCT_NAME = "$(TARGET_NAME)";
				SWIFT_EMIT_LOC_STRINGS = YES;
				SWIFT_VERSION = 5.0;
				TARGETED_DEVICE_FAMILY = "1,2";
			};
			name = Release;
		};
/* End XCBuildConfiguration section */

/* Begin XCConfigurationList section */
		4BC2BF7E284A26BD00126991 /* Build configuration list for PBXProject "TimeToTravel" */ = {
			isa = XCConfigurationList;
			buildConfigurations = (
				4BC2BF95284A26BE00126991 /* Debug */,
				4BC2BF96284A26BE00126991 /* Release */,
			);
			defaultConfigurationIsVisible = 0;
			defaultConfigurationName = Release;
		};
		4BC2BF97284A26BE00126991 /* Build configuration list for PBXNativeTarget "TimeToTravel" */ = {
			isa = XCConfigurationList;
			buildConfigurations = (
				4BC2BF98284A26BE00126991 /* Debug */,
				4BC2BF99284A26BE00126991 /* Release */,
			);
			defaultConfigurationIsVisible = 0;
			defaultConfigurationName = Release;
		};
/* End XCConfigurationList section */
	};
	rootObject = 4BC2BF7B284A26BD00126991 /* Project object */;
}
